{
  "name": "m2-1-js--fundamentals-p1",
  "version": "1.0.0",
  "lockfileVersion": 1,
  "requires": true,
  "dependencies": {
    "jest-expect-message": {
      "version": "1.0.2",
      "resolved": "https://registry.npmjs.org/jest-expect-message/-/jest-expect-message-1.0.2.tgz",
      "integrity": "sha512-WFiXMgwS2lOqQZt1iJMI/hOXpUm32X+ApsuzYcQpW5m16Pv6/Gd9kgC+Q+Q1YVNU04kYcAOv9NXMnjg6kKUy6Q=="
    }
  }
}
